// !$*UTF8*$!
{
	archiveVersion = 1;
	classes = {
	};
	objectVersion = 77;
	objects = {

/* Begin PBXBuildFile section */
		04CE61D981A72D891EB54FCD /* IntatisMultimodal in Frameworks */ = {isa = PBXBuildFile; productRef = 19AE50B8D97B59F7FCF557A9 /* IntatisMultimodal */; };
		0618184AC16619CC17AFE181 /* Workspace.swift in Sources */ = {isa = PBXBuildFile; fileRef = 6CDAB1CF6AAE5BB66D566238 /* Workspace.swift */; };
		08535683A46DE70235FF6FD2 /* LineEditor.swift in Sources */ = {isa = PBXBuildFile; fileRef = 5047C9C73D79C9D9B7CA3BD3 /* LineEditor.swift */; };
		0BEDADA7EB7EB51106C09A7F /* Interactive.swift in Sources */ = {isa = PBXBuildFile; fileRef = 52C30E15F696AFD37A8CDB9B /* Interactive.swift */; };
		12A50859BCAAD1FDD45AFE2D /* CodeViewModel.swift in Sources */ = {isa = PBXBuildFile; fileRef = 800F796D3D344E42805FC13C /* CodeViewModel.swift */; };
		140909D50B4ADB677D29F743 /* IntatisCowork in Frameworks */ = {isa = PBXBuildFile; productRef = CAD519BD6369700394DE44FB /* IntatisCowork */; };
		1969022B8EC689C0AEEED4CC /* IntatisCowork in Frameworks */ = {isa = PBXBuildFile; productRef = 98362C56254FE5A30E22076D /* IntatisCowork */; };
		1BE0E6446A3A1B8267C3315F /* IntatisChatScreen.swift in Sources */ = {isa = PBXBuildFile; fileRef = 258A0A30E537CA5A295AAD2E /* IntatisChatScreen.swift */; };
		2573CC6B6FCAAB4A48F64429 /* IntatisDesign.swift in Sources */ = {isa = PBXBuildFile; fileRef = C8C352ECC5C1BE99814C26A7 /* IntatisDesign.swift */; };
		27467FEB998DB260E1D8D626 /* IntatisAgentKernel in Frameworks */ = {isa = PBXBuildFile; productRef = 74964A6A29126D415C386377 /* IntatisAgentKernel */; };
		2D33D6BA0A12A2DBD2CA449E /* IntatisiOSApp.swift in Sources */ = {isa = PBXBuildFile; fileRef = 370C35BBD33872A919C01200 /* IntatisiOSApp.swift */; };
		2F4307E2C2C1A718F074C785 /* IntatisArtifacts in Frameworks */ = {isa = PBXBuildFile; productRef = 9506DC7F8C0D88FA95CDC238 /* IntatisArtifacts */; };
		31F90570FFD887AD240BEE19 /* CouncisMacApp.swift in Sources */ = {isa = PBXBuildFile; fileRef = 81C34F0B38F7597715E1B240 /* CouncisMacApp.swift */; };
		32373FBAC6906AF14E1BCE8D /* IntatisCore in Frameworks */ = {isa = PBXBuildFile; productRef = 4E53985B03FE85B77EB1476F /* IntatisCore */; };
		336859DD99E8662E290DBADF /* IntatisTools in Frameworks */ = {isa = PBXBuildFile; productRef = 037FFBC908D33853DB23B0A7 /* IntatisTools */; };
		3B30CCA24E9DF0BAB45A8962 /* IntatisTools in Frameworks */ = {isa = PBXBuildFile; productRef = 69485833F9916BF49145ACBF /* IntatisTools */; };
		3C507326BFB02B7BBAA58ACB /* IntatisMultimodal in Frameworks */ = {isa = PBXBuildFile; productRef = 4716B2274A3995BBC82AC84A /* IntatisMultimodal */; };
		40FA05AE62E8717952BA6BBF /* IntatisProtocol in Frameworks */ = {isa = PBXBuildFile; productRef = D1F7BC19B046DF09AFB4B7A1 /* IntatisProtocol */; };
		461CB55DA73E3DD50D91D581 /* IntatisPermission in Frameworks */ = {isa = PBXBuildFile; productRef = 5A79EAB557F10EABA371AD61 /* IntatisPermission */; };
		46B01D2CAADBD60A43B6A526 /* IntatisProviders in Frameworks */ = {isa = PBXBuildFile; productRef = 5DC0BD58075EE01F0F20C2C8 /* IntatisProviders */; };
		4927CE2BF7A9DA5F4B029772 /* IntatisMacApp.swift in Sources */ = {isa = PBXBuildFile; fileRef = 265A2825F0D8DECBE0C58721 /* IntatisMacApp.swift */; };
		4C149DE341F8F776550A2E97 /* IntatisConversation in Frameworks */ = {isa = PBXBuildFile; productRef = 0697CBFE8079247558A24AE4 /* IntatisConversation */; };
		4E83E7DDEE683721523E3AC9 /* SelfTest.swift in Sources */ = {isa = PBXBuildFile; fileRef = FC8B18E173BBB95E18468AA9 /* SelfTest.swift */; };
		521536FB36C37AB0192C652D /* IntatisArtifacts in Frameworks */ = {isa = PBXBuildFile; productRef = CED60834169A7219078A3D62 /* IntatisArtifacts */; };
		55CE755CE06BAF1F4442C5C4 /* IntatisProtocol in Frameworks */ = {isa = PBXBuildFile; productRef = 71971A4C2496774F2988B92A /* IntatisProtocol */; };
		569E26CAB796AD1162DF944A /* IntatisMacTeamSupport in Frameworks */ = {isa = PBXBuildFile; productRef = 6FA03496FDE6944B60096796 /* IntatisMacTeamSupport */; };
		5721F327E7B3D95F07F5B18B /* CLIConfig.swift in Sources */ = {isa = PBXBuildFile; fileRef = 920A48D9FF37A69A94D8B168 /* CLIConfig.swift */; };
		5820B1BB1CF2F0869D261C78 /* IntatisArtifacts in Frameworks */ = {isa = PBXBuildFile; productRef = 381BC59DA26F6105EE08DB43 /* IntatisArtifacts */; };
		5D761C309973340D69ACF447 /* AppIdentity.swift in Sources */ = {isa = PBXBuildFile; fileRef = 71A6B0DA4E0B1D2A2B7BC9DB /* AppIdentity.swift */; };
		63084BC62473FB096EDA86AA /* LegacyCouncilRun.swift in Sources */ = {isa = PBXBuildFile; fileRef = E5DD8F0E671DE3ABA650C4FE /* LegacyCouncilRun.swift */; };
		6DF44CE27FE95015F6E6DCA1 /* Keychain.swift in Sources */ = {isa = PBXBuildFile; fileRef = F59F196777F6C263658EA45F /* Keychain.swift */; };
		7539E087D96C1911CF76EFEB /* IntatisMacRootView.swift in Sources */ = {isa = PBXBuildFile; fileRef = 092365135DB57131F1B0F347 /* IntatisMacRootView.swift */; };
		75ACE6EC39A0C45C3F0410D1 /* AppIdentity.swift in Sources */ = {isa = PBXBuildFile; fileRef = 71A6B0DA4E0B1D2A2B7BC9DB /* AppIdentity.swift */; };
		782A4CDD1E75234C9601B861 /* IntatisCore in Frameworks */ = {isa = PBXBuildFile; productRef = 3A4ED0CE67A9671A42259B2A /* IntatisCore */; };
		798556CC236E8C18FB0D5EF2 /* CoworkProjectSettings.swift in Sources */ = {isa = PBXBuildFile; fileRef = DD6FF6150C27EDD4BADB9E14 /* CoworkProjectSettings.swift */; };
		824A7BD4D3B8E11979EECB13 /* IntatisProtocol in Frameworks */ = {isa = PBXBuildFile; productRef = EABD2F886C8081A1AD2FD23D /* IntatisProtocol */; };
		82FDE7D2F8EEB072104588DE /* CodeViewModel.swift in Sources */ = {isa = PBXBuildFile; fileRef = 800F796D3D344E42805FC13C /* CodeViewModel.swift */; };
		834013C99B2A9765B5E936B6 /* IntatisConversation in Frameworks */ = {isa = PBXBuildFile; productRef = 4B13DCA7FD4431B65F738576 /* IntatisConversation */; };
		84C116BC346D4D09CCB5356A /* IntatisProviders in Frameworks */ = {isa = PBXBuildFile; productRef = 205091E65B0FF745B2C07139 /* IntatisProviders */; };
		8860D1B05EA1A22FF6866944 /* IntatisMacApp.swift in Sources */ = {isa = PBXBuildFile; fileRef = 265A2825F0D8DECBE0C58721 /* IntatisMacApp.swift */; };
		88AC76C0D171EA67814ACCA9 /* IntatisCLI.swift in Sources */ = {isa = PBXBuildFile; fileRef = 73BC664B68E8504443695EC6 /* IntatisCLI.swift */; };
		8AD10E3FAB0FF3B4482BD670 /* CoworkProjectSettings.swift in Sources */ = {isa = PBXBuildFile; fileRef = DD6FF6150C27EDD4BADB9E14 /* CoworkProjectSettings.swift */; };
		8BB39BAF6509163DDD399A82 /* IntatisMultimodal in Frameworks */ = {isa = PBXBuildFile; productRef = 03AC0077C0EFBC335F91EA74 /* IntatisMultimodal */; };
		8BE61E3CB047A71E34F676FC /* AppConfig.swift in Sources */ = {isa = PBXBuildFile; fileRef = 0AEB6DFA6E571B915A415628 /* AppConfig.swift */; };
		8E51761FF4C92360BFEB2905 /* CoworkViewModel.swift in Sources */ = {isa = PBXBuildFile; fileRef = F365384AABED91C9A3F912AA /* CoworkViewModel.swift */; };
		90F826C660640BB61EB7E0AB /* Attachments.swift in Sources */ = {isa = PBXBuildFile; fileRef = 5290B9FD3C6A7F3340CA319C /* Attachments.swift */; };
		937E632370571D3EF986CA00 /* TeamPreset.swift in Sources */ = {isa = PBXBuildFile; fileRef = 0D58851B878B0E9497F40294 /* TeamPreset.swift */; };
		962763AAC8837BFE5FA04369 /* Keychain.swift in Sources */ = {isa = PBXBuildFile; fileRef = 49D96624E6043F4AD300EB0A /* Keychain.swift */; };
		9A539D938709BB55C9C12162 /* IntatisChatScreen.swift in Sources */ = {isa = PBXBuildFile; fileRef = 258A0A30E537CA5A295AAD2E /* IntatisChatScreen.swift */; };
		9C807034302FF298F580C485 /* IntatisCowork in Frameworks */ = {isa = PBXBuildFile; productRef = 2CAB0871AE919E22F58F63FA /* IntatisCowork */; };
		9F9E27F31BCB4F043F599A23 /* Terminal.swift in Sources */ = {isa = PBXBuildFile; fileRef = 6CA1C7BC70F6E46CA2E297C3 /* Terminal.swift */; };
		A3BAFCAC95E441041FC9B9FC /* AppConfig.swift in Sources */ = {isa = PBXBuildFile; fileRef = 0AEB6DFA6E571B915A415628 /* AppConfig.swift */; };
		A64E2BED757A31C67B871CDA /* IntatisMacRootView.swift in Sources */ = {isa = PBXBuildFile; fileRef = 092365135DB57131F1B0F347 /* IntatisMacRootView.swift */; };
		A7B7B3D689B555E3764C6496 /* CoworkViewModel.swift in Sources */ = {isa = PBXBuildFile; fileRef = F365384AABED91C9A3F912AA /* CoworkViewModel.swift */; };
		AB7F88D69D85329B89B694CE /* Spinner.swift in Sources */ = {isa = PBXBuildFile; fileRef = EB88441D2E67A1D059CD9E01 /* Spinner.swift */; };
		AC072DB9D214CF442A110CE1 /* IntatisMacTeamSupport in Frameworks */ = {isa = PBXBuildFile; productRef = FE62CF3E349A1542631FD208 /* IntatisMacTeamSupport */; };
		B12AB0ED290BF261C7E8ED7B /* IntatisPermission in Frameworks */ = {isa = PBXBuildFile; productRef = 85A2FC9BD7DFB2CDDA35F3A5 /* IntatisPermission */; };
		B2B736CC4645BBC82F9096D3 /* Workspace.swift in Sources */ = {isa = PBXBuildFile; fileRef = 6CDAB1CF6AAE5BB66D566238 /* Workspace.swift */; };
		B99A47A609478B62B72582C5 /* Keychain.swift in Sources */ = {isa = PBXBuildFile; fileRef = F59F196777F6C263658EA45F /* Keychain.swift */; };
		D876C88842B2B4AC5A9636E6 /* IntatisCore in Frameworks */ = {isa = PBXBuildFile; productRef = C553465FAFC44CD2F8218F68 /* IntatisCore */; };
		DA12E85670540EEB492ABB23 /* IntatisCore in Frameworks */ = {isa = PBXBuildFile; productRef = B5E302C4C9E13A5951C7F54A /* IntatisCore */; };
		DA2F63F6974A0E375B4F2391 /* IntatisSharedUI in Frameworks */ = {isa = PBXBuildFile; productRef = 39F0C29841CB2E03B75EE0C2 /* IntatisSharedUI */; };
		DD57BF3B267E98D8C170A95F /* Settings.swift in Sources */ = {isa = PBXBuildFile; fileRef = AD05C7A780096FA123B07CE4 /* Settings.swift */; };
		DD5FF59AD0E60B50E764F2F4 /* IntatisConversation in Frameworks */ = {isa = PBXBuildFile; productRef = DA319AE6510B3E60A0FAA4FD /* IntatisConversation */; };
		DF6DF7C3376C9C67E4541080 /* IntatisSharedUI in Frameworks */ = {isa = PBXBuildFile; productRef = 59ED393AC4ADB92797978FC5 /* IntatisSharedUI */; };
		DF7BD0596561B82E3DD97055 /* Commands.swift in Sources */ = {isa = PBXBuildFile; fileRef = D520AB77644E7F0883877D30 /* Commands.swift */; };
		E13C42B42098DD6170CE25E6 /* IOSConfig.swift in Sources */ = {isa = PBXBuildFile; fileRef = 53DF8D7E530BD51A2EC16FC8 /* IOSConfig.swift */; };
		E93167D142BAB742E4E67D43 /* IntatisProviders in Frameworks */ = {isa = PBXBuildFile; productRef = 4B0B57CEC375B3BBEC9A4218 /* IntatisProviders */; };
		F23E6F9964CB926FD295782D /* IntatisConversation in Frameworks */ = {isa = PBXBuildFile; productRef = B3D2CCD97DBE6B90E7859FF9 /* IntatisConversation */; };
		F4340BA38D91D01808023CF3 /* IntatisSharedUI in Frameworks */ = {isa = PBXBuildFile; productRef = 789C564B5188B23519625454 /* IntatisSharedUI */; };
		F51FE900508C5B0E73BDDB8D /* IntatisTools in Frameworks */ = {isa = PBXBuildFile; productRef = C7D386CFB48674C972FEEF16 /* IntatisTools */; };
		F9843295C5D73C541B37C9BE /* IntatisAgentKernel in Frameworks */ = {isa = PBXBuildFile; productRef = AF15535788B74703BC45B1FF /* IntatisAgentKernel */; };
		F9970E7C63C9CA889DBD6FA6 /* IntatisAgentKernel in Frameworks */ = {isa = PBXBuildFile; productRef = 7AAB91F9CD1737BB8B418640 /* IntatisAgentKernel */; };
		FA0FD00E2D7D547593D91FB3 /* IntatisProviders in Frameworks */ = {isa = PBXBuildFile; productRef = 1F5BFA96A339BE60C1660D3C /* IntatisProviders */; };
		FB2E7A5BDF08154B032F5613 /* IntatisProtocol in Frameworks */ = {isa = PBXBuildFile; productRef = 4E361DC4D7599BCBC5789D1E /* IntatisProtocol */; };
		FB548E074BE9C72FFE69F587 /* IntatisPermission in Frameworks */ = {isa = PBXBuildFile; productRef = 25BE4A58C3897364929B1BDB /* IntatisPermission */; };
		FEBC48AA0A50C460471EF5B9 /* IntatisDesign.swift in Sources */ = {isa = PBXBuildFile; fileRef = C8C352ECC5C1BE99814C26A7 /* IntatisDesign.swift */; };
/* End PBXBuildFile section */

/* Begin PBXFileReference section */
		092365135DB57131F1B0F347 /* IntatisMacRootView.swift */ = {isa = PBXFileReference; lastKnownFileType = sourcecode.swift; path = IntatisMacRootView.swift; sourceTree = "<group>"; };
		0AEB6DFA6E571B915A415628 /* AppConfig.swift */ = {isa = PBXFileReference; lastKnownFileType = sourcecode.swift; path = AppConfig.swift; sourceTree = "<group>"; };
		0D58851B878B0E9497F40294 /* TeamPreset.swift */ = {isa = PBXFileReference; lastKnownFileType = sourcecode.swift; path = TeamPreset.swift; sourceTree = "<group>"; };
		0DBD8333D95DFC0C67CE7CE0 /* CouncisMac.app */ = {isa = PBXFileReference; explicitFileType = wrapper.application; includeInIndex = 0; path = CouncisMac.app; sourceTree = BUILT_PRODUCTS_DIR; };
		258A0A30E537CA5A295AAD2E /* IntatisChatScreen.swift */ = {isa = PBXFileReference; lastKnownFileType = sourcecode.swift; path = IntatisChatScreen.swift; sourceTree = "<group>"; };
		265A2825F0D8DECBE0C58721 /* IntatisMacApp.swift */ = {isa = PBXFileReference; lastKnownFileType = sourcecode.swift; path = IntatisMacApp.swift; sourceTree = "<group>"; };
		370C35BBD33872A919C01200 /* IntatisiOSApp.swift */ = {isa = PBXFileReference; lastKnownFileType = sourcecode.swift; path = IntatisiOSApp.swift; sourceTree = "<group>"; };
		49D96624E6043F4AD300EB0A /* Keychain.swift */ = {isa = PBXFileReference; lastKnownFileType = sourcecode.swift; path = Keychain.swift; sourceTree = "<group>"; };
		5047C9C73D79C9D9B7CA3BD3 /* LineEditor.swift */ = {isa = PBXFileReference; lastKnownFileType = sourcecode.swift; path = LineEditor.swift; sourceTree = "<group>"; };
		526BFFE6B65A8AE9AD92CED2 /* IntatisMac.app */ = {isa = PBXFileReference; explicitFileType = wrapper.application; includeInIndex = 0; path = IntatisMac.app; sourceTree = BUILT_PRODUCTS_DIR; };
		5290B9FD3C6A7F3340CA319C /* Attachments.swift */ = {isa = PBXFileReference; lastKnownFileType = sourcecode.swift; path = Attachments.swift; sourceTree = "<group>"; };
		52C30E15F696AFD37A8CDB9B /* Interactive.swift */ = {isa = PBXFileReference; lastKnownFileType = sourcecode.swift; path = Interactive.swift; sourceTree = "<group>"; };
		53DF8D7E530BD51A2EC16FC8 /* IOSConfig.swift */ = {isa = PBXFileReference; lastKnownFileType = sourcecode.swift; path = IOSConfig.swift; sourceTree = "<group>"; };
		6CA1C7BC70F6E46CA2E297C3 /* Terminal.swift */ = {isa = PBXFileReference; lastKnownFileType = sourcecode.swift; path = Terminal.swift; sourceTree = "<group>"; };
		6CDAB1CF6AAE5BB66D566238 /* Workspace.swift */ = {isa = PBXFileReference; lastKnownFileType = sourcecode.swift; path = Workspace.swift; sourceTree = "<group>"; };
		71A6B0DA4E0B1D2A2B7BC9DB /* AppIdentity.swift */ = {isa = PBXFileReference; lastKnownFileType = sourcecode.swift; path = AppIdentity.swift; sourceTree = "<group>"; };
		73BC664B68E8504443695EC6 /* IntatisCLI.swift */ = {isa = PBXFileReference; lastKnownFileType = sourcecode.swift; path = IntatisCLI.swift; sourceTree = "<group>"; };
		79392E43695ED5FD4587B762 /* councis */ = {isa = PBXFileReference; includeInIndex = 0; path = councis; sourceTree = BUILT_PRODUCTS_DIR; };
		800F796D3D344E42805FC13C /* CodeViewModel.swift */ = {isa = PBXFileReference; lastKnownFileType = sourcecode.swift; path = CodeViewModel.swift; sourceTree = "<group>"; };
		80E9BA18CE5836740EC5D237 /* IntatisiOS.app */ = {isa = PBXFileReference; includeInIndex = 0; lastKnownFileType = wrapper.application; path = IntatisiOS.app; sourceTree = BUILT_PRODUCTS_DIR; };
		81C34F0B38F7597715E1B240 /* CouncisMacApp.swift */ = {isa = PBXFileReference; lastKnownFileType = sourcecode.swift; path = CouncisMacApp.swift; sourceTree = "<group>"; };
		920A48D9FF37A69A94D8B168 /* CLIConfig.swift */ = {isa = PBXFileReference; lastKnownFileType = sourcecode.swift; path = CLIConfig.swift; sourceTree = "<group>"; };
		AD05C7A780096FA123B07CE4 /* Settings.swift */ = {isa = PBXFileReference; lastKnownFileType = sourcecode.swift; path = Settings.swift; sourceTree = "<group>"; };
		C7A82C4E731E2C44365A99B5 /* Councis */ = {isa = PBXFileReference; lastKnownFileType = folder; name = Councis; path = .; sourceTree = SOURCE_ROOT; };
		C8C352ECC5C1BE99814C26A7 /* IntatisDesign.swift */ = {isa = PBXFileReference; lastKnownFileType = sourcecode.swift; path = IntatisDesign.swift; sourceTree = "<group>"; };
		D520AB77644E7F0883877D30 /* Commands.swift */ = {isa = PBXFileReference; lastKnownFileType = sourcecode.swift; path = Commands.swift; sourceTree = "<group>"; };
		DD6FF6150C27EDD4BADB9E14 /* CoworkProjectSettings.swift */ = {isa = PBXFileReference; lastKnownFileType = sourcecode.swift; path = CoworkProjectSettings.swift; sourceTree = "<group>"; };
		E5DD8F0E671DE3ABA650C4FE /* LegacyCouncilRun.swift */ = {isa = PBXFileReference; lastKnownFileType = sourcecode.swift; path = LegacyCouncilRun.swift; sourceTree = "<group>"; };
		EB88441D2E67A1D059CD9E01 /* Spinner.swift */ = {isa = PBXFileReference; lastKnownFileType = sourcecode.swift; path = Spinner.swift; sourceTree = "<group>"; };
		F365384AABED91C9A3F912AA /* CoworkViewModel.swift */ = {isa = PBXFileReference; lastKnownFileType = sourcecode.swift; path = CoworkViewModel.swift; sourceTree = "<group>"; };
		F59F196777F6C263658EA45F /* Keychain.swift */ = {isa = PBXFileReference; lastKnownFileType = sourcecode.swift; path = Keychain.swift; sourceTree = "<group>"; };
		FC8B18E173BBB95E18468AA9 /* SelfTest.swift */ = {isa = PBXFileReference; lastKnownFileType = sourcecode.swift; path = SelfTest.swift; sourceTree = "<group>"; };
/* End PBXFileReference section */

/* Begin PBXFrameworksBuildPhase section */
		439B74B92B9165D6661135AD /* Frameworks */ = {
			isa = PBXFrameworksBuildPhase;
			buildActionMask = 2147483647;
			files = (
				D876C88842B2B4AC5A9636E6 /* IntatisCore in Frameworks */,
				824A7BD4D3B8E11979EECB13 /* IntatisProtocol in Frameworks */,
				46B01D2CAADBD60A43B6A526 /* IntatisProviders in Frameworks */,
				4C149DE341F8F776550A2E97 /* IntatisConversation in Frameworks */,
				F51FE900508C5B0E73BDDB8D /* IntatisTools in Frameworks */,
				461CB55DA73E3DD50D91D581 /* IntatisPermission in Frameworks */,
				F9843295C5D73C541B37C9BE /* IntatisAgentKernel in Frameworks */,
				140909D50B4ADB677D29F743 /* IntatisCowork in Frameworks */,
			);
			runOnlyForDeploymentPostprocessing = 0;
		};
		735A96B2E647D1667A2A7DCB /* Frameworks */ = {
			isa = PBXFrameworksBuildPhase;
			buildActionMask = 2147483647;
			files = (
				DA12E85670540EEB492ABB23 /* IntatisCore in Frameworks */,
				40FA05AE62E8717952BA6BBF /* IntatisProtocol in Frameworks */,
				84C116BC346D4D09CCB5356A /* IntatisProviders in Frameworks */,
				DD5FF59AD0E60B50E764F2F4 /* IntatisConversation in Frameworks */,
				521536FB36C37AB0192C652D /* IntatisArtifacts in Frameworks */,
				8BB39BAF6509163DDD399A82 /* IntatisMultimodal in Frameworks */,
				F4340BA38D91D01808023CF3 /* IntatisSharedUI in Frameworks */,
			);
			runOnlyForDeploymentPostprocessing = 0;
		};
		82CCE2891B30CCFE6F6096B6 /* Frameworks */ = {
			isa = PBXFrameworksBuildPhase;
			buildActionMask = 2147483647;
			files = (
				32373FBAC6906AF14E1BCE8D /* IntatisCore in Frameworks */,
				55CE755CE06BAF1F4442C5C4 /* IntatisProtocol in Frameworks */,
				FA0FD00E2D7D547593D91FB3 /* IntatisProviders in Frameworks */,
				834013C99B2A9765B5E936B6 /* IntatisConversation in Frameworks */,
				2F4307E2C2C1A718F074C785 /* IntatisArtifacts in Frameworks */,
				04CE61D981A72D891EB54FCD /* IntatisMultimodal in Frameworks */,
				DA2F63F6974A0E375B4F2391 /* IntatisSharedUI in Frameworks */,
				336859DD99E8662E290DBADF /* IntatisTools in Frameworks */,
				B12AB0ED290BF261C7E8ED7B /* IntatisPermission in Frameworks */,
				27467FEB998DB260E1D8D626 /* IntatisAgentKernel in Frameworks */,
				9C807034302FF298F580C485 /* IntatisCowork in Frameworks */,
				569E26CAB796AD1162DF944A /* IntatisMacTeamSupport in Frameworks */,
			);
			runOnlyForDeploymentPostprocessing = 0;
		};
		96419972D021A0557E0A61D3 /* Frameworks */ = {
			isa = PBXFrameworksBuildPhase;
			buildActionMask = 2147483647;
			files = (
				782A4CDD1E75234C9601B861 /* IntatisCore in Frameworks */,
				FB2E7A5BDF08154B032F5613 /* IntatisProtocol in Frameworks */,
				E93167D142BAB742E4E67D43 /* IntatisProviders in Frameworks */,
				F23E6F9964CB926FD295782D /* IntatisConversation in Frameworks */,
				5820B1BB1CF2F0869D261C78 /* IntatisArtifacts in Frameworks */,
				3C507326BFB02B7BBAA58ACB /* IntatisMultimodal in Frameworks */,
				DF6DF7C3376C9C67E4541080 /* IntatisSharedUI in Frameworks */,
				3B30CCA24E9DF0BAB45A8962 /* IntatisTools in Frameworks */,
				FB548E074BE9C72FFE69F587 /* IntatisPermission in Frameworks */,
				F9970E7C63C9CA889DBD6FA6 /* IntatisAgentKernel in Frameworks */,
				1969022B8EC689C0AEEED4CC /* IntatisCowork in Frameworks */,
				AC072DB9D214CF442A110CE1 /* IntatisMacTeamSupport in Frameworks */,
			);
			runOnlyForDeploymentPostprocessing = 0;
		};
/* End PBXFrameworksBuildPhase section */

/* Begin PBXGroup section */
		2272EFC02DADE3BAE2C7ECF4 /* IntatisiOS */ = {
			isa = PBXGroup;
			children = (
				EC23223852DC4555A849E48F /* Sources */,
			);
			path = IntatisiOS;
			sourceTree = "<group>";
		};
		26FB0454ED078A2E7A2AA765 /* CouncisMac */ = {
			isa = PBXGroup;
			children = (
				C1E41DA4CF1342FBC2BF86D1 /* Sources */,
			);
			path = CouncisMac;
			sourceTree = "<group>";
		};
		3685AF0430C428F01887F06C /* Products */ = {
			isa = PBXGroup;
			children = (
				79392E43695ED5FD4587B762 /* councis */,
				0DBD8333D95DFC0C67CE7CE0 /* CouncisMac.app */,
				80E9BA18CE5836740EC5D237 /* IntatisiOS.app */,
				526BFFE6B65A8AE9AD92CED2 /* IntatisMac.app */,
			);
			name = Products;
			sourceTree = "<group>";
		};
		40F5726A8B7A95E6DA07B89A /* intatis-cli */ = {
			isa = PBXGroup;
			children = (
				473EC26F60DB2F596AE9F2A1 /* Sources */,
			);
			path = "intatis-cli";
			sourceTree = "<group>";
		};
		473EC26F60DB2F596AE9F2A1 /* Sources */ = {
			isa = PBXGroup;
			children = (
				5290B9FD3C6A7F3340CA319C /* Attachments.swift */,
				920A48D9FF37A69A94D8B168 /* CLIConfig.swift */,
				D520AB77644E7F0883877D30 /* Commands.swift */,
				73BC664B68E8504443695EC6 /* IntatisCLI.swift */,
				52C30E15F696AFD37A8CDB9B /* Interactive.swift */,
				E5DD8F0E671DE3ABA650C4FE /* LegacyCouncilRun.swift */,
				5047C9C73D79C9D9B7CA3BD3 /* LineEditor.swift */,
				FC8B18E173BBB95E18468AA9 /* SelfTest.swift */,
				AD05C7A780096FA123B07CE4 /* Settings.swift */,
				EB88441D2E67A1D059CD9E01 /* Spinner.swift */,
				0D58851B878B0E9497F40294 /* TeamPreset.swift */,
				6CA1C7BC70F6E46CA2E297C3 /* Terminal.swift */,
			);
			path = Sources;
			sourceTree = "<group>";
		};
		5EBE300DE27D6558DCEA681C /* Apps */ = {
			isa = PBXGroup;
			children = (
				26FB0454ED078A2E7A2AA765 /* CouncisMac */,
				40F5726A8B7A95E6DA07B89A /* intatis-cli */,
				2272EFC02DADE3BAE2C7ECF4 /* IntatisiOS */,
				D9A5DC716C0AD8928EDC1D6E /* IntatisMac */,
			);
			path = Apps;
			sourceTree = "<group>";
		};
		7D2E678974DA42ED64ABA616 /* Internal Modules */ = {
			isa = PBXGroup;
			children = (
				C7A82C4E731E2C44365A99B5 /* Councis */,
			);
			name = "Internal Modules";
			sourceTree = "<group>";
		};
		B959BDB5BE488DEF4728B273 /* Sources */ = {
			isa = PBXGroup;
			children = (
				0AEB6DFA6E571B915A415628 /* AppConfig.swift */,
				71A6B0DA4E0B1D2A2B7BC9DB /* AppIdentity.swift */,
				800F796D3D344E42805FC13C /* CodeViewModel.swift */,
				DD6FF6150C27EDD4BADB9E14 /* CoworkProjectSettings.swift */,
				F365384AABED91C9A3F912AA /* CoworkViewModel.swift */,
				258A0A30E537CA5A295AAD2E /* IntatisChatScreen.swift */,
				C8C352ECC5C1BE99814C26A7 /* IntatisDesign.swift */,
				265A2825F0D8DECBE0C58721 /* IntatisMacApp.swift */,
				092365135DB57131F1B0F347 /* IntatisMacRootView.swift */,
				F59F196777F6C263658EA45F /* Keychain.swift */,
				6CDAB1CF6AAE5BB66D566238 /* Workspace.swift */,
			);
			path = Sources;
			sourceTree = "<group>";
		};
		C1E41DA4CF1342FBC2BF86D1 /* Sources */ = {
			isa = PBXGroup;
			children = (
				81C34F0B38F7597715E1B240 /* CouncisMacApp.swift */,
			);
			path = Sources;
			sourceTree = "<group>";
		};
		D9A5DC716C0AD8928EDC1D6E /* IntatisMac */ = {
			isa = PBXGroup;
			children = (
				B959BDB5BE488DEF4728B273 /* Sources */,
			);
			path = IntatisMac;
			sourceTree = "<group>";
		};
		DDA2CE33F310874A58EA6840 = {
			isa = PBXGroup;
			children = (
				5EBE300DE27D6558DCEA681C /* Apps */,
				7D2E678974DA42ED64ABA616 /* Internal Modules */,
				3685AF0430C428F01887F06C /* Products */,
			);
			sourceTree = "<group>";
		};
		EC23223852DC4555A849E48F /* Sources */ = {
			isa = PBXGroup;
			children = (
				370C35BBD33872A919C01200 /* IntatisiOSApp.swift */,
				53DF8D7E530BD51A2EC16FC8 /* IOSConfig.swift */,
				49D96624E6043F4AD300EB0A /* Keychain.swift */,
			);
			path = Sources;
			sourceTree = "<group>";
		};
/* End PBXGroup section */

/* Begin PBXNativeTarget section */
		389018D14D644CD5D24B226E /* CouncisMac */ = {
			isa = PBXNativeTarget;
			buildConfigurationList = 52ED4522347CC298F033FD46 /* Build configuration list for PBXNativeTarget "CouncisMac" */;
			buildPhases = (
				1608FCABAF85396BFDB3904F /* Sources */,
				82CCE2891B30CCFE6F6096B6 /* Frameworks */,
			);
			buildRules = (
			);
			dependencies = (
			);
			name = CouncisMac;
			packageProductDependencies = (
				4E53985B03FE85B77EB1476F /* IntatisCore */,
				71971A4C2496774F2988B92A /* IntatisProtocol */,
				1F5BFA96A339BE60C1660D3C /* IntatisProviders */,
				4B13DCA7FD4431B65F738576 /* IntatisConversation */,
				9506DC7F8C0D88FA95CDC238 /* IntatisArtifacts */,
				19AE50B8D97B59F7FCF557A9 /* IntatisMultimodal */,
				39F0C29841CB2E03B75EE0C2 /* IntatisSharedUI */,
				037FFBC908D33853DB23B0A7 /* IntatisTools */,
				85A2FC9BD7DFB2CDDA35F3A5 /* IntatisPermission */,
				74964A6A29126D415C386377 /* IntatisAgentKernel */,
				2CAB0871AE919E22F58F63FA /* IntatisCowork */,
				6FA03496FDE6944B60096796 /* IntatisMacTeamSupport */,
			);
			productName = CouncisMac;
			productReference = 0DBD8333D95DFC0C67CE7CE0 /* CouncisMac.app */;
			productType = "com.apple.product-type.application";
		};
		8A4176BB26545FE2B2D2CC90 /* IntatisMac */ = {
			isa = PBXNativeTarget;
			buildConfigurationList = 648B2ABD3E5A7A19786141E7 /* Build configuration list for PBXNativeTarget "IntatisMac" */;
			buildPhases = (
				E754603DA9D0ED70CFBC7AD9 /* Sources */,
				96419972D021A0557E0A61D3 /* Frameworks */,
			);
			buildRules = (
			);
			dependencies = (
			);
			name = IntatisMac;
			packageProductDependencies = (
				3A4ED0CE67A9671A42259B2A /* IntatisCore */,
				4E361DC4D7599BCBC5789D1E /* IntatisProtocol */,
				4B0B57CEC375B3BBEC9A4218 /* IntatisProviders */,
				B3D2CCD97DBE6B90E7859FF9 /* IntatisConversation */,
				381BC59DA26F6105EE08DB43 /* IntatisArtifacts */,
				4716B2274A3995BBC82AC84A /* IntatisMultimodal */,
				59ED393AC4ADB92797978FC5 /* IntatisSharedUI */,
				69485833F9916BF49145ACBF /* IntatisTools */,
				25BE4A58C3897364929B1BDB /* IntatisPermission */,
				7AAB91F9CD1737BB8B418640 /* IntatisAgentKernel */,
				98362C56254FE5A30E22076D /* IntatisCowork */,
				FE62CF3E349A1542631FD208 /* IntatisMacTeamSupport */,
			);
			productName = IntatisMac;
			productReference = 526BFFE6B65A8AE9AD92CED2 /* IntatisMac.app */;
			productType = "com.apple.product-type.application";
		};
		E62C3C4281BDBF66134CF1C7 /* councis */ = {
			isa = PBXNativeTarget;
			buildConfigurationList = EEA99A538AEFCDF7B227F077 /* Build configuration list for PBXNativeTarget "councis" */;
			buildPhases = (
				9FA7CF4D9E696630C322B093 /* Sources */,
				439B74B92B9165D6661135AD /* Frameworks */,
			);
			buildRules = (
			);
			dependencies = (
			);
			name = councis;
			packageProductDependencies = (
				C553465FAFC44CD2F8218F68 /* IntatisCore */,
				EABD2F886C8081A1AD2FD23D /* IntatisProtocol */,
				5DC0BD58075EE01F0F20C2C8 /* IntatisProviders */,
				0697CBFE8079247558A24AE4 /* IntatisConversation */,
				C7D386CFB48674C972FEEF16 /* IntatisTools */,
				5A79EAB557F10EABA371AD61 /* IntatisPermission */,
				AF15535788B74703BC45B1FF /* IntatisAgentKernel */,
				CAD519BD6369700394DE44FB /* IntatisCowork */,
			);
			productName = councis;
			productReference = 79392E43695ED5FD4587B762 /* councis */;
			productType = "com.apple.product-type.tool";
		};
		FE5A2567A202EB460811DADD /* IntatisiOS */ = {
			isa = PBXNativeTarget;
			buildConfigurationList = 759D8BEFB737B903D182B204 /* Build configuration list for PBXNativeTarget "IntatisiOS" */;
			buildPhases = (
				32D8654D593636C1281EE6E3 /* Sources */,
				735A96B2E647D1667A2A7DCB /* Frameworks */,
			);
			buildRules = (
			);
			dependencies = (
			);
			name = IntatisiOS;
			packageProductDependencies = (
				B5E302C4C9E13A5951C7F54A /* IntatisCore */,
				D1F7BC19B046DF09AFB4B7A1 /* IntatisProtocol */,
				205091E65B0FF745B2C07139 /* IntatisProviders */,
				DA319AE6510B3E60A0FAA4FD /* IntatisConversation */,
				CED60834169A7219078A3D62 /* IntatisArtifacts */,
				03AC0077C0EFBC335F91EA74 /* IntatisMultimodal */,
				789C564B5188B23519625454 /* IntatisSharedUI */,
			);
			productName = IntatisiOS;
			productReference = 80E9BA18CE5836740EC5D237 /* IntatisiOS.app */;
			productType = "com.apple.product-type.application";
		};
/* End PBXNativeTarget section */

/* Begin PBXProject section */
		B0BF45B1AD8BBEE47FC45B17 /* Project object */ = {
			isa = PBXProject;
			attributes = {
				BuildIndependentTargetsInParallel = YES;
				LastUpgradeCheck = 1430;
				TargetAttributes = {
					389018D14D644CD5D24B226E = {
						ProvisioningStyle = Automatic;
					};
					8A4176BB26545FE2B2D2CC90 = {
						ProvisioningStyle = Automatic;
					};
					E62C3C4281BDBF66134CF1C7 = {
						ProvisioningStyle = Automatic;
					};
					FE5A2567A202EB460811DADD = {
						ProvisioningStyle = Automatic;
					};
				};
			};
			buildConfigurationList = 3CF9221EEACD231138F6B758 /* Build configuration list for PBXProject "Councis" */;
			developmentRegion = en;
			hasScannedForEncodings = 0;
			knownRegions = (
				Base,
				en,
			);
			mainGroup = DDA2CE33F310874A58EA6840;
			minimizedProjectReferenceProxies = 1;
			packageReferences = (
				4FFABBC493CCE9290B3221FA /* XCLocalSwiftPackageReference "." */,
			);
			preferredProjectObjectVersion = 77;
			productRefGroup = 3685AF0430C428F01887F06C /* Products */;
			projectDirPath = "";
			projectRoot = "";
			targets = (
				389018D14D644CD5D24B226E /* CouncisMac */,
				8A4176BB26545FE2B2D2CC90 /* IntatisMac */,
				FE5A2567A202EB460811DADD /* IntatisiOS */,
				E62C3C4281BDBF66134CF1C7 /* councis */,
			);
		};
/* End PBXProject section */

/* Begin PBXSourcesBuildPhase section */
		1608FCABAF85396BFDB3904F /* Sources */ = {
			isa = PBXSourcesBuildPhase;
			buildActionMask = 2147483647;
			files = (
				A3BAFCAC95E441041FC9B9FC /* AppConfig.swift in Sources */,
				75ACE6EC39A0C45C3F0410D1 /* AppIdentity.swift in Sources */,
				12A50859BCAAD1FDD45AFE2D /* CodeViewModel.swift in Sources */,
				31F90570FFD887AD240BEE19 /* CouncisMacApp.swift in Sources */,
				8AD10E3FAB0FF3B4482BD670 /* CoworkProjectSettings.swift in Sources */,
				8E51761FF4C92360BFEB2905 /* CoworkViewModel.swift in Sources */,
				9A539D938709BB55C9C12162 /* IntatisChatScreen.swift in Sources */,
				2573CC6B6FCAAB4A48F64429 /* IntatisDesign.swift in Sources */,
				4927CE2BF7A9DA5F4B029772 /* IntatisMacApp.swift in Sources */,
				7539E087D96C1911CF76EFEB /* IntatisMacRootView.swift in Sources */,
				B99A47A609478B62B72582C5 /* Keychain.swift in Sources */,
				0618184AC16619CC17AFE181 /* Workspace.swift in Sources */,
			);
			runOnlyForDeploymentPostprocessing = 0;
		};
		32D8654D593636C1281EE6E3 /* Sources */ = {
			isa = PBXSourcesBuildPhase;
			buildActionMask = 2147483647;
			files = (
				E13C42B42098DD6170CE25E6 /* IOSConfig.swift in Sources */,
				2D33D6BA0A12A2DBD2CA449E /* IntatisiOSApp.swift in Sources */,
				962763AAC8837BFE5FA04369 /* Keychain.swift in Sources */,
			);
			runOnlyForDeploymentPostprocessing = 0;
		};
		9FA7CF4D9E696630C322B093 /* Sources */ = {
			isa = PBXSourcesBuildPhase;
			buildActionMask = 2147483647;
			files = (
				90F826C660640BB61EB7E0AB /* Attachments.swift in Sources */,
				5721F327E7B3D95F07F5B18B /* CLIConfig.swift in Sources */,
				DF7BD0596561B82E3DD97055 /* Commands.swift in Sources */,
				88AC76C0D171EA67814ACCA9 /* IntatisCLI.swift in Sources */,
				0BEDADA7EB7EB51106C09A7F /* Interactive.swift in Sources */,
				63084BC62473FB096EDA86AA /* LegacyCouncilRun.swift in Sources */,
				08535683A46DE70235FF6FD2 /* LineEditor.swift in Sources */,
				4E83E7DDEE683721523E3AC9 /* SelfTest.swift in Sources */,
				DD57BF3B267E98D8C170A95F /* Settings.swift in Sources */,
				AB7F88D69D85329B89B694CE /* Spinner.swift in Sources */,
				937E632370571D3EF986CA00 /* TeamPreset.swift in Sources */,
				9F9E27F31BCB4F043F599A23 /* Terminal.swift in Sources */,
			);
			runOnlyForDeploymentPostprocessing = 0;
		};
		E754603DA9D0ED70CFBC7AD9 /* Sources */ = {
			isa = PBXSourcesBuildPhase;
			buildActionMask = 2147483647;
			files = (
				8BE61E3CB047A71E34F676FC /* AppConfig.swift in Sources */,
				5D761C309973340D69ACF447 /* AppIdentity.swift in Sources */,
				82FDE7D2F8EEB072104588DE /* CodeViewModel.swift in Sources */,
				798556CC236E8C18FB0D5EF2 /* CoworkProjectSettings.swift in Sources */,
				A7B7B3D689B555E3764C6496 /* CoworkViewModel.swift in Sources */,
				1BE0E6446A3A1B8267C3315F /* IntatisChatScreen.swift in Sources */,
				FEBC48AA0A50C460471EF5B9 /* IntatisDesign.swift in Sources */,
				8860D1B05EA1A22FF6866944 /* IntatisMacApp.swift in Sources */,
				A64E2BED757A31C67B871CDA /* IntatisMacRootView.swift in Sources */,
				6DF44CE27FE95015F6E6DCA1 /* Keychain.swift in Sources */,
				B2B736CC4645BBC82F9096D3 /* Workspace.swift in Sources */,
			);
			runOnlyForDeploymentPostprocessing = 0;
		};
/* End PBXSourcesBuildPhase section */

/* Begin XCBuildConfiguration section */
		0B44C92C20E861577CFE2DD1 /* Debug */ = {
			isa = XCBuildConfiguration;
			buildSettings = {
				ASSETCATALOG_COMPILER_APPICON_NAME = AppIcon;
				CODE_SIGN_ENTITLEMENTS = Apps/CouncisMac/CouncisMac.DeveloperID.entitlements;
				COMBINE_HIDPI_IMAGES = YES;
				ENABLE_HARDENED_RUNTIME = YES;
				GENERATE_INFOPLIST_FILE = YES;
				INFOPLIST_KEY_CFBundleDisplayName = Councis;
				INFOPLIST_KEY_LSApplicationCategoryType = "public.app-category.developer-tools";
				INFOPLIST_KEY_NSHumanReadableCopyright = "Councis — clean-room. See NOTICE.md.";
				LD_RUNPATH_SEARCH_PATHS = (
					"$(inherited)",
					"@executable_path/../Frameworks",
				);
				PRODUCT_BUNDLE_IDENTIFIER = com.Vita0818.CouncisMac;
				SDKROOT = macosx;
				SWIFT_ACTIVE_COMPILATION_CONDITIONS = "$(inherited) COUNCIS_APP";
			};
			name = Debug;
		};
		0DE3BC393D480371EBBC7B48 /* Debug */ = {
			isa = XCBuildConfiguration;
			buildSettings = {
				COMBINE_HIDPI_IMAGES = YES;
				LD_RUNPATH_SEARCH_PATHS = (
					"$(inherited)",
					"@executable_path/../Frameworks",
				);
				PRODUCT_BUNDLE_IDENTIFIER = com.Vita0818.Councis;
				SDKROOT = macosx;
			};
			name = Debug;
		};
		1E00164AF45CF42A8E540881 /* Release */ = {
			isa = XCBuildConfiguration;
			buildSettings = {
				COMBINE_HIDPI_IMAGES = YES;
				LD_RUNPATH_SEARCH_PATHS = (
					"$(inherited)",
					"@executable_path/../Frameworks",
				);
				PRODUCT_BUNDLE_IDENTIFIER = com.Vita0818.Councis;
				SDKROOT = macosx;
			};
			name = Release;
		};
		2112EC0F17A608B3C4EF3323 /* Release */ = {
			isa = XCBuildConfiguration;
			buildSettings = {
				ASSETCATALOG_COMPILER_APPICON_NAME = AppIcon;
				CODE_SIGN_ENTITLEMENTS = Apps/CouncisMac/CouncisMac.DeveloperID.entitlements;
				COMBINE_HIDPI_IMAGES = YES;
				ENABLE_HARDENED_RUNTIME = YES;
				GENERATE_INFOPLIST_FILE = YES;
				INFOPLIST_KEY_CFBundleDisplayName = Councis;
				INFOPLIST_KEY_LSApplicationCategoryType = "public.app-category.developer-tools";
				INFOPLIST_KEY_NSHumanReadableCopyright = "Councis — clean-room. See NOTICE.md.";
				LD_RUNPATH_SEARCH_PATHS = (
					"$(inherited)",
					"@executable_path/../Frameworks",
				);
				PRODUCT_BUNDLE_IDENTIFIER = com.Vita0818.CouncisMac;
				SDKROOT = macosx;
				SWIFT_ACTIVE_COMPILATION_CONDITIONS = "$(inherited) COUNCIS_APP";
			};
			name = Release;
		};
		2A03E537474E3DFBA9D05DE7 /* Debug */ = {
			isa = XCBuildConfiguration;
			buildSettings = {
				ASSETCATALOG_COMPILER_APPICON_NAME = AppIcon;
				CODE_SIGN_ENTITLEMENTS = Apps/IntatisMac/IntatisMac.DeveloperID.entitlements;
				COMBINE_HIDPI_IMAGES = YES;
				ENABLE_HARDENED_RUNTIME = YES;
				GENERATE_INFOPLIST_FILE = YES;
				INFOPLIST_KEY_CFBundleDisplayName = Intatis;
				INFOPLIST_KEY_LSApplicationCategoryType = "public.app-category.developer-tools";
				INFOPLIST_KEY_NSHumanReadableCopyright = "Intatis — clean-room. See NOTICE.md.";
				LD_RUNPATH_SEARCH_PATHS = (
					"$(inherited)",
					"@executable_path/../Frameworks",
				);
				PRODUCT_BUNDLE_IDENTIFIER = com.Vita0818.IntatisMac;
				SDKROOT = macosx;
			};
			name = Debug;
		};
		4F2E7D500E5C94A163BAF726 /* Debug */ = {
			isa = XCBuildConfiguration;
			buildSettings = {
				ASSETCATALOG_COMPILER_APPICON_NAME = AppIcon;
				CODE_SIGN_IDENTITY = "iPhone Developer";
				GENERATE_INFOPLIST_FILE = YES;
				INFOPLIST_KEY_CFBundleDisplayName = Intatis;
				INFOPLIST_KEY_NSMicrophoneUsageDescription = "Intatis uses the microphone for voice input transcription.";
				INFOPLIST_KEY_UILaunchScreen_Generation = YES;
				LD_RUNPATH_SEARCH_PATHS = (
					"$(inherited)",
					"@executable_path/Frameworks",
				);
				PRODUCT_BUNDLE_IDENTIFIER = com.Vita0818.Intatis;
				SDKROOT = iphoneos;
				TARGETED_DEVICE_FAMILY = "1,2";
			};
			name = Debug;
		};
		80B204AD4C04D5F5DFBC1171 /* Release */ = {
			isa = XCBuildConfiguration;
			buildSettings = {
				ASSETCATALOG_COMPILER_APPICON_NAME = AppIcon;
				CODE_SIGN_ENTITLEMENTS = Apps/IntatisMac/IntatisMac.DeveloperID.entitlements;
				COMBINE_HIDPI_IMAGES = YES;
				ENABLE_HARDENED_RUNTIME = YES;
				GENERATE_INFOPLIST_FILE = YES;
				INFOPLIST_KEY_CFBundleDisplayName = Intatis;
				INFOPLIST_KEY_LSApplicationCategoryType = "public.app-category.developer-tools";
				INFOPLIST_KEY_NSHumanReadableCopyright = "Intatis — clean-room. See NOTICE.md.";
				LD_RUNPATH_SEARCH_PATHS = (
					"$(inherited)",
					"@executable_path/../Frameworks",
				);
				PRODUCT_BUNDLE_IDENTIFIER = com.Vita0818.IntatisMac;
				SDKROOT = macosx;
			};
			name = Release;
		};
		81DD68C38A193BB3457D2ABD /* Debug */ = {
			isa = XCBuildConfiguration;
			buildSettings = {
				ALWAYS_SEARCH_USER_PATHS = NO;
				CLANG_ANALYZER_NONNULL = YES;
				CLANG_ANALYZER_NUMBER_OBJECT_CONVERSION = YES_AGGRESSIVE;
				CLANG_CXX_LANGUAGE_STANDARD = "gnu++14";
				CLANG_CXX_LIBRARY = "libc++";
				CLANG_ENABLE_MODULES = YES;
				CLANG_ENABLE_OBJC_ARC = YES;
				CLANG_ENABLE_OBJC_WEAK = YES;
				CLANG_WARN_BLOCK_CAPTURE_AUTORELEASING = YES;
				CLANG_WARN_BOOL_CONVERSION = YES;
				CLANG_WARN_COMMA = YES;
				CLANG_WARN_CONSTANT_CONVERSION = YES;
				CLANG_WARN_DEPRECATED_OBJC_IMPLEMENTATIONS = YES;
				CLANG_WARN_DIRECT_OBJC_ISA_USAGE = YES_ERROR;
				CLANG_WARN_DOCUMENTATION_COMMENTS = YES;
				CLANG_WARN_EMPTY_BODY = YES;
				CLANG_WARN_ENUM_CONVERSION = YES;
				CLANG_WARN_INFINITE_RECURSION = YES;
				CLANG_WARN_INT_CONVERSION = YES;
				CLANG_WARN_NON_LITERAL_NULL_CONVERSION = YES;
				CLANG_WARN_OBJC_IMPLICIT_RETAIN_SELF = YES;
				CLANG_WARN_OBJC_LITERAL_CONVERSION = YES;
				CLANG_WARN_OBJC_ROOT_CLASS = YES_ERROR;
				CLANG_WARN_QUOTED_INCLUDE_IN_FRAMEWORK_HEADER = YES;
				CLANG_WARN_RANGE_LOOP_ANALYSIS = YES;
				CLANG_WARN_STRICT_PROTOTYPES = YES;
				CLANG_WARN_SUSPICIOUS_MOVE = YES;
				CLANG_WARN_UNGUARDED_AVAILABILITY = YES_AGGRESSIVE;
				CLANG_WARN_UNREACHABLE_CODE = YES;
				CLANG_WARN__DUPLICATE_METHOD_MATCH = YES;
				CODE_SIGN_STYLE = Automatic;
				COPY_PHASE_STRIP = NO;
				CURRENT_PROJECT_VERSION = 1;
				DEBUG_INFORMATION_FORMAT = dwarf;
				ENABLE_STRICT_OBJC_MSGSEND = YES;
				ENABLE_TESTABILITY = YES;
				GCC_C_LANGUAGE_STANDARD = gnu11;
				GCC_DYNAMIC_NO_PIC = NO;
				GCC_NO_COMMON_BLOCKS = YES;
				GCC_OPTIMIZATION_LEVEL = 0;
				GCC_PREPROCESSOR_DEFINITIONS = (
					"$(inherited)",
					"DEBUG=1",
				);
				GCC_WARN_64_TO_32_BIT_CONVERSION = YES;
				GCC_WARN_ABOUT_RETURN_TYPE = YES_ERROR;
				GCC_WARN_UNDECLARED_SELECTOR = YES;
				GCC_WARN_UNINITIALIZED_AUTOS = YES_AGGRESSIVE;
				GCC_WARN_UNUSED_FUNCTION = YES;
				GCC_WARN_UNUSED_VARIABLE = YES;
				GENERATE_INFOPLIST_FILE = NO;
				IPHONEOS_DEPLOYMENT_TARGET = 16.0;
				MACOSX_DEPLOYMENT_TARGET = 13.0;
				MARKETING_VERSION = 0.5.0;
				MTL_ENABLE_DEBUG_INFO = INCLUDE_SOURCE;
				MTL_FAST_MATH = YES;
				ONLY_ACTIVE_ARCH = YES;
				PRODUCT_NAME = "$(TARGET_NAME)";
				SWIFT_ACTIVE_COMPILATION_CONDITIONS = DEBUG;
				SWIFT_OPTIMIZATION_LEVEL = "-Onone";
				SWIFT_VERSION = 5.9;
			};
			name = Debug;
		};
		BA981DF6B2E460C60E97D320 /* Release */ = {
			isa = XCBuildConfiguration;
			buildSettings = {
				ALWAYS_SEARCH_USER_PATHS = NO;
				CLANG_ANALYZER_NONNULL = YES;
				CLANG_ANALYZER_NUMBER_OBJECT_CONVERSION = YES_AGGRESSIVE;
				CLANG_CXX_LANGUAGE_STANDARD = "gnu++14";
				CLANG_CXX_LIBRARY = "libc++";
				CLANG_ENABLE_MODULES = YES;
				CLANG_ENABLE_OBJC_ARC = YES;
				CLANG_ENABLE_OBJC_WEAK = YES;
				CLANG_WARN_BLOCK_CAPTURE_AUTORELEASING = YES;
				CLANG_WARN_BOOL_CONVERSION = YES;
				CLANG_WARN_COMMA = YES;
				CLANG_WARN_CONSTANT_CONVERSION = YES;
				CLANG_WARN_DEPRECATED_OBJC_IMPLEMENTATIONS = YES;
				CLANG_WARN_DIRECT_OBJC_ISA_USAGE = YES_ERROR;
				CLANG_WARN_DOCUMENTATION_COMMENTS = YES;
				CLANG_WARN_EMPTY_BODY = YES;
				CLANG_WARN_ENUM_CONVERSION = YES;
				CLANG_WARN_INFINITE_RECURSION = YES;
				CLANG_WARN_INT_CONVERSION = YES;
				CLANG_WARN_NON_LITERAL_NULL_CONVERSION = YES;
				CLANG_WARN_OBJC_IMPLICIT_RETAIN_SELF = YES;
				CLANG_WARN_OBJC_LITERAL_CONVERSION = YES;
				CLANG_WARN_OBJC_ROOT_CLASS = YES_ERROR;
				CLANG_WARN_QUOTED_INCLUDE_IN_FRAMEWORK_HEADER = YES;
				CLANG_WARN_RANGE_LOOP_ANALYSIS = YES;
				CLANG_WARN_STRICT_PROTOTYPES = YES;
				CLANG_WARN_SUSPICIOUS_MOVE = YES;
				CLANG_WARN_UNGUARDED_AVAILABILITY = YES_AGGRESSIVE;
				CLANG_WARN_UNREACHABLE_CODE = YES;
				CLANG_WARN__DUPLICATE_METHOD_MATCH = YES;
				CODE_SIGN_STYLE = Automatic;
				COPY_PHASE_STRIP = NO;
				CURRENT_PROJECT_VERSION = 1;
				DEBUG_INFORMATION_FORMAT = "dwarf-with-dsym";
				ENABLE_NS_ASSERTIONS = NO;
				ENABLE_STRICT_OBJC_MSGSEND = YES;
				GCC_C_LANGUAGE_STANDARD = gnu11;
				GCC_NO_COMMON_BLOCKS = YES;
				GCC_WARN_64_TO_32_BIT_CONVERSION = YES;
				GCC_WARN_ABOUT_RETURN_TYPE = YES_ERROR;
				GCC_WARN_UNDECLARED_SELECTOR = YES;
				GCC_WARN_UNINITIALIZED_AUTOS = YES_AGGRESSIVE;
				GCC_WARN_UNUSED_FUNCTION = YES;
				GCC_WARN_UNUSED_VARIABLE = YES;
				GENERATE_INFOPLIST_FILE = NO;
				IPHONEOS_DEPLOYMENT_TARGET = 16.0;
				MACOSX_DEPLOYMENT_TARGET = 13.0;
				MARKETING_VERSION = 0.5.0;
				MTL_ENABLE_DEBUG_INFO = NO;
				MTL_FAST_MATH = YES;
				PRODUCT_NAME = "$(TARGET_NAME)";
				SWIFT_COMPILATION_MODE = wholemodule;
				SWIFT_OPTIMIZATION_LEVEL = "-O";
				SWIFT_VERSION = 5.9;
			};
			name = Release;
		};
		CD2A1EB75ACDC5949623A74B /* Release */ = {
			isa = XCBuildConfiguration;
			buildSettings = {
				ASSETCATALOG_COMPILER_APPICON_NAME = AppIcon;
				CODE_SIGN_IDENTITY = "iPhone Developer";
				GENERATE_INFOPLIST_FILE = YES;
				INFOPLIST_KEY_CFBundleDisplayName = Intatis;
				INFOPLIST_KEY_NSMicrophoneUsageDescription = "Intatis uses the microphone for voice input transcription.";
				INFOPLIST_KEY_UILaunchScreen_Generation = YES;
				LD_RUNPATH_SEARCH_PATHS = (
					"$(inherited)",
					"@executable_path/Frameworks",
				);
				PRODUCT_BUNDLE_IDENTIFIER = com.Vita0818.Intatis;
				SDKROOT = iphoneos;
				TARGETED_DEVICE_FAMILY = "1,2";
			};
			name = Release;
		};
/* End XCBuildConfiguration section */

/* Begin XCConfigurationList section */
		3CF9221EEACD231138F6B758 /* Build configuration list for PBXProject "Councis" */ = {
			isa = XCConfigurationList;
			buildConfigurations = (
				81DD68C38A193BB3457D2ABD /* Debug */,
				BA981DF6B2E460C60E97D320 /* Release */,
			);
			defaultConfigurationIsVisible = 0;
			defaultConfigurationName = Debug;
		};
		52ED4522347CC298F033FD46 /* Build configuration list for PBXNativeTarget "CouncisMac" */ = {
			isa = XCConfigurationList;
			buildConfigurations = (
				0B44C92C20E861577CFE2DD1 /* Debug */,
				2112EC0F17A608B3C4EF3323 /* Release */,
			);
			defaultConfigurationIsVisible = 0;
			defaultConfigurationName = Debug;
		};
		648B2ABD3E5A7A19786141E7 /* Build configuration list for PBXNativeTarget "IntatisMac" */ = {
			isa = XCConfigurationList;
			buildConfigurations = (
				2A03E537474E3DFBA9D05DE7 /* Debug */,
				80B204AD4C04D5F5DFBC1171 /* Release */,
			);
			defaultConfigurationIsVisible = 0;
			defaultConfigurationName = Debug;
		};
		759D8BEFB737B903D182B204 /* Build configuration list for PBXNativeTarget "IntatisiOS" */ = {
			isa = XCConfigurationList;
			buildConfigurations = (
				4F2E7D500E5C94A163BAF726 /* Debug */,
				CD2A1EB75ACDC5949623A74B /* Release */,
			);
			defaultConfigurationIsVisible = 0;
			defaultConfigurationName = Debug;
		};
		EEA99A538AEFCDF7B227F077 /* Build configuration list for PBXNativeTarget "councis" */ = {
			isa = XCConfigurationList;
			buildConfigurations = (
				0DE3BC393D480371EBBC7B48 /* Debug */,
				1E00164AF45CF42A8E540881 /* Release */,
			);
			defaultConfigurationIsVisible = 0;
			defaultConfigurationName = Debug;
		};
/* End XCConfigurationList section */

/* Begin XCLocalSwiftPackageReference section */
		4FFABBC493CCE9290B3221FA /* XCLocalSwiftPackageReference "." */ = {
			isa = XCLocalSwiftPackageReference;
			relativePath = .;
		};
/* End XCLocalSwiftPackageReference section */

/* Begin XCSwiftPackageProductDependency section */
		037FFBC908D33853DB23B0A7 /* IntatisTools */ = {
			isa = XCSwiftPackageProductDependency;
			productName = IntatisTools;
		};
		03AC0077C0EFBC335F91EA74 /* IntatisMultimodal */ = {
			isa = XCSwiftPackageProductDependency;
			productName = IntatisMultimodal;
		};
		0697CBFE8079247558A24AE4 /* IntatisConversation */ = {
			isa = XCSwiftPackageProductDependency;
			productName = IntatisConversation;
		};
		19AE50B8D97B59F7FCF557A9 /* IntatisMultimodal */ = {
			isa = XCSwiftPackageProductDependency;
			productName = IntatisMultimodal;
		};
		1F5BFA96A339BE60C1660D3C /* IntatisProviders */ = {
			isa = XCSwiftPackageProductDependency;
			productName = IntatisProviders;
		};
		205091E65B0FF745B2C07139 /* IntatisProviders */ = {
			isa = XCSwiftPackageProductDependency;
			productName = IntatisProviders;
		};
		25BE4A58C3897364929B1BDB /* IntatisPermission */ = {
			isa = XCSwiftPackageProductDependency;
			productName = IntatisPermission;
		};
		2CAB0871AE919E22F58F63FA /* IntatisCowork */ = {
			isa = XCSwiftPackageProductDependency;
			productName = IntatisCowork;
		};
		381BC59DA26F6105EE08DB43 /* IntatisArtifacts */ = {
			isa = XCSwiftPackageProductDependency;
			productName = IntatisArtifacts;
		};
		39F0C29841CB2E03B75EE0C2 /* IntatisSharedUI */ = {
			isa = XCSwiftPackageProductDependency;
			productName = IntatisSharedUI;
		};
		3A4ED0CE67A9671A42259B2A /* IntatisCore */ = {
			isa = XCSwiftPackageProductDependency;
			productName = IntatisCore;
		};
		4716B2274A3995BBC82AC84A /* IntatisMultimodal */ = {
			isa = XCSwiftPackageProductDependency;
			productName = IntatisMultimodal;
		};
		4B0B57CEC375B3BBEC9A4218 /* IntatisProviders */ = {
			isa = XCSwiftPackageProductDependency;
			productName = IntatisProviders;
		};
		4B13DCA7FD4431B65F738576 /* IntatisConversation */ = {
			isa = XCSwiftPackageProductDependency;
			productName = IntatisConversation;
		};
		4E361DC4D7599BCBC5789D1E /* IntatisProtocol */ = {
			isa = XCSwiftPackageProductDependency;
			productName = IntatisProtocol;
		};
		4E53985B03FE85B77EB1476F /* IntatisCore */ = {
			isa = XCSwiftPackageProductDependency;
			productName = IntatisCore;
		};
		59ED393AC4ADB92797978FC5 /* IntatisSharedUI */ = {
			isa = XCSwiftPackageProductDependency;
			productName = IntatisSharedUI;
		};
		5A79EAB557F10EABA371AD61 /* IntatisPermission */ = {
			isa = XCSwiftPackageProductDependency;
			productName = IntatisPermission;
		};
		5DC0BD58075EE01F0F20C2C8 /* IntatisProviders */ = {
			isa = XCSwiftPackageProductDependency;
			productName = IntatisProviders;
		};
		69485833F9916BF49145ACBF /* IntatisTools */ = {
			isa = XCSwiftPackageProductDependency;
			productName = IntatisTools;
		};
		6FA03496FDE6944B60096796 /* IntatisMacTeamSupport */ = {
			isa = XCSwiftPackageProductDependency;
			productName = IntatisMacTeamSupport;
		};
		71971A4C2496774F2988B92A /* IntatisProtocol */ = {
			isa = XCSwiftPackageProductDependency;
			productName = IntatisProtocol;
		};
		74964A6A29126D415C386377 /* IntatisAgentKernel */ = {
			isa = XCSwiftPackageProductDependency;
			productName = IntatisAgentKernel;
		};
		789C564B5188B23519625454 /* IntatisSharedUI */ = {
			isa = XCSwiftPackageProductDependency;
			productName = IntatisSharedUI;
		};
		7AAB91F9CD1737BB8B418640 /* IntatisAgentKernel */ = {
			isa = XCSwiftPackageProductDependency;
			productName = IntatisAgentKernel;
		};
		85A2FC9BD7DFB2CDDA35F3A5 /* IntatisPermission */ = {
			isa = XCSwiftPackageProductDependency;
			productName = IntatisPermission;
		};
		9506DC7F8C0D88FA95CDC238 /* IntatisArtifacts */ = {
			isa = XCSwiftPackageProductDependency;
			productName = IntatisArtifacts;
		};
		98362C56254FE5A30E22076D /* IntatisCowork */ = {
			isa = XCSwiftPackageProductDependency;
			productName = IntatisCowork;
		};
		AF15535788B74703BC45B1FF /* IntatisAgentKernel */ = {
			isa = XCSwiftPackageProductDependency;
			productName = IntatisAgentKernel;
		};
		B3D2CCD97DBE6B90E7859FF9 /* IntatisConversation */ = {
			isa = XCSwiftPackageProductDependency;
			productName = IntatisConversation;
		};
		B5E302C4C9E13A5951C7F54A /* IntatisCore */ = {
			isa = XCSwiftPackageProductDependency;
			productName = IntatisCore;
		};
		C553465FAFC44CD2F8218F68 /* IntatisCore */ = {
			isa = XCSwiftPackageProductDependency;
			productName = IntatisCore;
		};
		C7D386CFB48674C972FEEF16 /* IntatisTools */ = {
			isa = XCSwiftPackageProductDependency;
			productName = IntatisTools;
		};
		CAD519BD6369700394DE44FB /* IntatisCowork */ = {
			isa = XCSwiftPackageProductDependency;
			productName = IntatisCowork;
		};
		CED60834169A7219078A3D62 /* IntatisArtifacts */ = {
			isa = XCSwiftPackageProductDependency;
			productName = IntatisArtifacts;
		};
		D1F7BC19B046DF09AFB4B7A1 /* IntatisProtocol */ = {
			isa = XCSwiftPackageProductDependency;
			productName = IntatisProtocol;
		};
		DA319AE6510B3E60A0FAA4FD /* IntatisConversation */ = {
			isa = XCSwiftPackageProductDependency;
			productName = IntatisConversation;
		};
		EABD2F886C8081A1AD2FD23D /* IntatisProtocol */ = {
			isa = XCSwiftPackageProductDependency;
			productName = IntatisProtocol;
		};
		FE62CF3E349A1542631FD208 /* IntatisMacTeamSupport */ = {
			isa = XCSwiftPackageProductDependency;
			productName = IntatisMacTeamSupport;
		};
/* End XCSwiftPackageProductDependency section */
	};
	rootObject = B0BF45B1AD8BBEE47FC45B17 /* Project object */;
}
